
Microsoft Visual Studio Solution File, Format Version 12.00
# Visual Studio Express 2013 for Windows Desktop
VisualStudioVersion = 12.0.40629.0
MinimumVisualStudioVersion = 10.0.40219.1
Project("{8BC9CEB8-8B4A-11D0-8D11-00A0C91BC942}") = "Lab02_Q1", "Lab02\Lab02.vcxproj", "{17EE3788-96BF-4D4E-B7CE-D12C65EA3C9D}"
EndProject
Project("{8BC9CEB8-8B4A-11D0-8D11-00A0C91BC942}") = "Lab02_Q2", "Lab02_Q1\Lab02_Q1.vcxproj", "{6E447D76-AB43-4415-8CF2-1F61929661DE}"
EndProject
Global
	GlobalSection(SolutionConfigurationPlatforms) = preSolution
		Debug|Win32 = Debug|Win32
		Release|Win32 = Release|Win32
	EndGlobalSection
	GlobalSection(ProjectConfigurationPlatforms) = postSolution
		{17EE3788-96BF-4D4E-B7CE-D12C65EA3C9D}.Debug|Win32.ActiveCfg = Debug|Win32
		{17EE3788-96BF-4D4E-B7CE-D12C65EA3C9D}.Debug|Win32.Build.0 = Debug|Win32
		{17EE3788-96BF-4D4E-B7CE-D12C65EA3C9D}.Release|Win32.ActiveCfg = Release|Win32
		{17EE3788-96BF-4D4E-B7CE-D12C65EA3C9D}.Release|Win32.Build.0 = Release|Win32
		{6E447D76-AB43-4415-8CF2-1F61929661DE}.Debug|Win32.ActiveCfg = Debug|Win32
		{6E447D76-AB43-4415-8CF2-1F61929661DE}.Debug|Win32.Build.0 = Debug|Win32
		{6E447D76-AB43-4415-8CF2-1F61929661DE}.Release|Win32.ActiveCfg = Release|Win32
		{6E447D76-AB43-4415-8CF2-1F61929661DE}.Release|Win32.Build.0 = Release|Win32
	EndGlobalSection
	GlobalSection(SolutionProperties) = preSolution
		HideSolutionNode = FALSE
	EndGlobalSection
EndGlobal
